
Microsoft Visual Studio Solution File, Format Version 12.00
Project("{FAE04EC0-301F-11D3-BF4B-00C04F79EFBC}") = "Automatos Data", "Automatos Data\Automatos Data.csproj", "{5E29A073-F9F4-4941-83AE-85E80E3F5102}"
EndProject
Project("{FAE04EC0-301F-11D3-BF4B-00C04F79EFBC}") = "Automato Test", "Automato Test\Automato Test.csproj", "{800CE8ED-C6B8-4AE8-8609-F7C8452E9611}"
EndProject
Project("{FAE04EC0-301F-11D3-BF4B-00C04F79EFBC}") = "AutomatosApp", "AutomatosApp\AutomatosApp.csproj", "{AF903F6C-A9BA-44D6-9941-1081AE4E3FED}"
EndProject
Global
	GlobalSection(SolutionConfigurationPlatforms) = preSolution
		Debug|Any CPU = Debug|Any CPU
		Release|Any CPU = Release|Any CPU
	EndGlobalSection
	GlobalSection(ProjectConfigurationPlatforms) = postSolution
		{5E29A073-F9F4-4941-83AE-85E80E3F5102}.Debug|Any CPU.ActiveCfg = Debug|Any CPU
		{5E29A073-F9F4-4941-83AE-85E80E3F5102}.Debug|Any CPU.Build.0 = Debug|Any CPU
		{5E29A073-F9F4-4941-83AE-85E80E3F5102}.Release|Any CPU.ActiveCfg = Release|Any CPU
		{5E29A073-F9F4-4941-83AE-85E80E3F5102}.Release|Any CPU.Build.0 = Release|Any CPU
		{800CE8ED-C6B8-4AE8-8609-F7C8452E9611}.Debug|Any CPU.ActiveCfg = Debug|Any CPU
		{800CE8ED-C6B8-4AE8-8609-F7C8452E9611}.Debug|Any CPU.Build.0 = Debug|Any CPU
		{800CE8ED-C6B8-4AE8-8609-F7C8452E9611}.Release|Any CPU.ActiveCfg = Release|Any CPU
		{800CE8ED-C6B8-4AE8-8609-F7C8452E9611}.Release|Any CPU.Build.0 = Release|Any CPU
		{AF903F6C-A9BA-44D6-9941-1081AE4E3FED}.Debug|Any CPU.ActiveCfg = Debug|Any CPU
		{AF903F6C-A9BA-44D6-9941-1081AE4E3FED}.Debug|Any CPU.Build.0 = Debug|Any CPU
		{AF903F6C-A9BA-44D6-9941-1081AE4E3FED}.Release|Any CPU.ActiveCfg = Release|Any CPU
		{AF903F6C-A9BA-44D6-9941-1081AE4E3FED}.Release|Any CPU.Build.0 = Release|Any CPU
	EndGlobalSection
EndGlobal
